
Microsoft Visual Studio Solution File, Format Version 12.00
# Visual Studio Version 17
VisualStudioVersion = 17.0.31903.59
MinimumVisualStudioVersion = 10.0.40219.1
Project("{2150E333-8FDC-42A3-9474-1A3956D46DE8}") = "src", "src", "{B74536DD-5C82-4CAC-A912-35BEE121D9E5}"
EndProject
Project("{FAE04EC0-301F-11D3-BF4B-00C04F79EFBC}") = "QuartzNet.EntityFrameworkCore", "src\QuartzNet.EntityFrameworkCore\QuartzNet.EntityFrameworkCore.csproj", "{E4EC5E23-7F91-4E79-A305-E6069EA665D6}"
EndProject
Project("{2150E333-8FDC-42A3-9474-1A3956D46DE8}") = "tests", "tests", "{66E324A0-33A9-4494-9F12-0E4162A870C2}"
EndProject
Project("{FAE04EC0-301F-11D3-BF4B-00C04F79EFBC}") = "QuartzNet.EntityFrameworkCore.Tests.Unit", "tests\QuartzNet.EntityFrameworkCore.Tests.Unit\QuartzNet.EntityFrameworkCore.Tests.Unit.csproj", "{9CDB57D9-5305-4B7F-9A2A-7966F551F28E}"
EndProject
Global
	GlobalSection(SolutionConfigurationPlatforms) = preSolution
		Debug|Any CPU = Debug|Any CPU
		Release|Any CPU = Release|Any CPU
	EndGlobalSection
	GlobalSection(SolutionProperties) = preSolution
		HideSolutionNode = FALSE
	EndGlobalSection
	GlobalSection(ProjectConfigurationPlatforms) = postSolution
		{E4EC5E23-7F91-4E79-A305-E6069EA665D6}.Debug|Any CPU.ActiveCfg = Debug|Any CPU
		{E4EC5E23-7F91-4E79-A305-E6069EA665D6}.Debug|Any CPU.Build.0 = Debug|Any CPU
		{E4EC5E23-7F91-4E79-A305-E6069EA665D6}.Release|Any CPU.ActiveCfg = Release|Any CPU
		{E4EC5E23-7F91-4E79-A305-E6069EA665D6}.Release|Any CPU.Build.0 = Release|Any CPU
		{9CDB57D9-5305-4B7F-9A2A-7966F551F28E}.Debug|Any CPU.ActiveCfg = Debug|Any CPU
		{9CDB57D9-5305-4B7F-9A2A-7966F551F28E}.Debug|Any CPU.Build.0 = Debug|Any CPU
		{9CDB57D9-5305-4B7F-9A2A-7966F551F28E}.Release|Any CPU.ActiveCfg = Release|Any CPU
		{9CDB57D9-5305-4B7F-9A2A-7966F551F28E}.Release|Any CPU.Build.0 = Release|Any CPU
	EndGlobalSection
	GlobalSection(NestedProjects) = preSolution
		{E4EC5E23-7F91-4E79-A305-E6069EA665D6} = {B74536DD-5C82-4CAC-A912-35BEE121D9E5}
		{9CDB57D9-5305-4B7F-9A2A-7966F551F28E} = {66E324A0-33A9-4494-9F12-0E4162A870C2}
	EndGlobalSection
EndGlobal
